
Microsoft Visual Studio Solution File, Format Version 12.00
Project("{FAE04EC0-301F-11D3-BF4B-00C04F79EFBC}") = "Service.Animals.Web", "Service.Animals.Web\Service.Animals.Web.csproj", "{83F96711-EF0F-4D99-BEC8-A07687CD6155}"
EndProject
Project("{FAE04EC0-301F-11D3-BF4B-00C04F79EFBC}") = "Service.Animals.Api", "Service.Animals.Api\Service.Animals.Api.csproj", "{858C5276-29CC-4CB6-ABE7-6DBAF37C63DE}"
EndProject
Global
	GlobalSection(SolutionConfigurationPlatforms) = preSolution
		Debug|Any CPU = Debug|Any CPU
		Release|Any CPU = Release|Any CPU
	EndGlobalSection
	GlobalSection(ProjectConfigurationPlatforms) = postSolution
		{83F96711-EF0F-4D99-BEC8-A07687CD6155}.Debug|Any CPU.ActiveCfg = Debug|Any CPU
		{83F96711-EF0F-4D99-BEC8-A07687CD6155}.Debug|Any CPU.Build.0 = Debug|Any CPU
		{83F96711-EF0F-4D99-BEC8-A07687CD6155}.Release|Any CPU.ActiveCfg = Release|Any CPU
		{83F96711-EF0F-4D99-BEC8-A07687CD6155}.Release|Any CPU.Build.0 = Release|Any CPU
		{858C5276-29CC-4CB6-ABE7-6DBAF37C63DE}.Debug|Any CPU.ActiveCfg = Debug|Any CPU
		{858C5276-29CC-4CB6-ABE7-6DBAF37C63DE}.Debug|Any CPU.Build.0 = Debug|Any CPU
		{858C5276-29CC-4CB6-ABE7-6DBAF37C63DE}.Release|Any CPU.ActiveCfg = Release|Any CPU
		{858C5276-29CC-4CB6-ABE7-6DBAF37C63DE}.Release|Any CPU.Build.0 = Release|Any CPU
	EndGlobalSection
EndGlobal
