
Microsoft Visual Studio Solution File, Format Version 12.00
# Visual Studio Version 17
VisualStudioVersion = 17.8.34316.72
MinimumVisualStudioVersion = 10.0.40219.1
Project("{9A19103F-16F7-4668-BE54-9A1E7A4F7556}") = "Service.Animals.Web", "Service.Animals.Web\Service.Animals.Web.csproj", "{83F96711-EF0F-4D99-BEC8-A07687CD6155}"
EndProject
Project("{FAE04EC0-301F-11D3-BF4B-00C04F79EFBC}") = "Service.Animals.Desktop", "Service.Animals.Desktop\Service.Animals.Desktop.csproj", "{EDDAB1A8-B6AF-4568-97B8-AC703B0CD932}"
EndProject
Global
	GlobalSection(SolutionConfigurationPlatforms) = preSolution
		Debug|Any CPU = Debug|Any CPU
		Release|Any CPU = Release|Any CPU
	EndGlobalSection
	GlobalSection(ProjectConfigurationPlatforms) = postSolution
		{83F96711-EF0F-4D99-BEC8-A07687CD6155}.Debug|Any CPU.ActiveCfg = Debug|Any CPU
		{83F96711-EF0F-4D99-BEC8-A07687CD6155}.Debug|Any CPU.Build.0 = Debug|Any CPU
		{83F96711-EF0F-4D99-BEC8-A07687CD6155}.Release|Any CPU.ActiveCfg = Release|Any CPU
		{83F96711-EF0F-4D99-BEC8-A07687CD6155}.Release|Any CPU.Build.0 = Release|Any CPU
		{EDDAB1A8-B6AF-4568-97B8-AC703B0CD932}.Debug|Any CPU.ActiveCfg = Debug|Any CPU
		{EDDAB1A8-B6AF-4568-97B8-AC703B0CD932}.Debug|Any CPU.Build.0 = Debug|Any CPU
		{EDDAB1A8-B6AF-4568-97B8-AC703B0CD932}.Release|Any CPU.ActiveCfg = Release|Any CPU
		{EDDAB1A8-B6AF-4568-97B8-AC703B0CD932}.Release|Any CPU.Build.0 = Release|Any CPU
	EndGlobalSection
	GlobalSection(SolutionProperties) = preSolution
		HideSolutionNode = FALSE
	EndGlobalSection
EndGlobal
